
Microsoft Visual Studio Solution File, Format Version 12.00
# Visual Studio Version 17
VisualStudioVersion = 17.5.33424.131
MinimumVisualStudioVersion = 10.0.40219.1
Project("{FAE04EC0-301F-11D3-BF4B-00C04F79EFBC}") = "MyFirstASPDotNetCoreWebApp_MVC", "MyFirstASPDotNetCoreWebApp_MVC\MyFirstASPDotNetCoreWebApp_MVC.csproj", "{EBC33708-A11D-47F2-8ACF-1B6D565B44D0}"
EndProject
Global
	GlobalSection(SolutionConfigurationPlatforms) = preSolution
		Debug|Any CPU = Debug|Any CPU
		Release|Any CPU = Release|Any CPU
	EndGlobalSection
	GlobalSection(ProjectConfigurationPlatforms) = postSolution
		{EBC33708-A11D-47F2-8ACF-1B6D565B44D0}.Debug|Any CPU.ActiveCfg = Debug|Any CPU
		{EBC33708-A11D-47F2-8ACF-1B6D565B44D0}.Debug|Any CPU.Build.0 = Debug|Any CPU
		{EBC33708-A11D-47F2-8ACF-1B6D565B44D0}.Release|Any CPU.ActiveCfg = Release|Any CPU
		{EBC33708-A11D-47F2-8ACF-1B6D565B44D0}.Release|Any CPU.Build.0 = Release|Any CPU
	EndGlobalSection
	GlobalSection(SolutionProperties) = preSolution
		HideSolutionNode = FALSE
	EndGlobalSection
	GlobalSection(ExtensibilityGlobals) = postSolution
		SolutionGuid = {22FB4293-257C-4E53-8EDD-B81971B01C81}
	EndGlobalSection
EndGlobal
