
Microsoft Visual Studio Solution File, Format Version 12.00
# Visual Studio Version 17
VisualStudioVersion = 17.5.33424.131
MinimumVisualStudioVersion = 10.0.40219.1
Project("{FAE04EC0-301F-11D3-BF4B-00C04F79EFBC}") = "MyFirstDotNetCoreWebAPITesting", "MyFirstDotNetCoreWebAPITesting\MyFirstDotNetCoreWebAPITesting.csproj", "{42F172D8-1384-44DA-AB9C-6265AACC3825}"
EndProject
Global
	GlobalSection(SolutionConfigurationPlatforms) = preSolution
		Debug|Any CPU = Debug|Any CPU
		Release|Any CPU = Release|Any CPU
	EndGlobalSection
	GlobalSection(ProjectConfigurationPlatforms) = postSolution
		{42F172D8-1384-44DA-AB9C-6265AACC3825}.Debug|Any CPU.ActiveCfg = Debug|Any CPU
		{42F172D8-1384-44DA-AB9C-6265AACC3825}.Debug|Any CPU.Build.0 = Debug|Any CPU
		{42F172D8-1384-44DA-AB9C-6265AACC3825}.Release|Any CPU.ActiveCfg = Release|Any CPU
		{42F172D8-1384-44DA-AB9C-6265AACC3825}.Release|Any CPU.Build.0 = Release|Any CPU
	EndGlobalSection
	GlobalSection(SolutionProperties) = preSolution
		HideSolutionNode = FALSE
	EndGlobalSection
	GlobalSection(ExtensibilityGlobals) = postSolution
		SolutionGuid = {094D31A6-D2A6-4955-9F7E-E1CB6BAF5B28}
	EndGlobalSection
EndGlobal
